
Microsoft Visual Studio Solution File, Format Version 12.00
Project("{FAE04EC0-301F-11D3-BF4B-00C04F79EFBC}") = "LibraryManagementApi", "LibraryManagementApi\LibraryManagementApi.csproj", "{9C5A005E-2DA5-43B5-ABC0-DACC31B4BC56}"
EndProject
Project("{FAE04EC0-301F-11D3-BF4B-00C04F79EFBC}") = "LibraryManagementApi.Tests", "LibraryManagementApi.Tests\LibraryManagementApi.Tests.csproj", "{5B028933-BAE4-42FC-B470-15F3226A24B0}"
EndProject
Global
	GlobalSection(SolutionConfigurationPlatforms) = preSolution
		Debug|Any CPU = Debug|Any CPU
		Release|Any CPU = Release|Any CPU
	EndGlobalSection
	GlobalSection(ProjectConfigurationPlatforms) = postSolution
		{9C5A005E-2DA5-43B5-ABC0-DACC31B4BC56}.Debug|Any CPU.ActiveCfg = Debug|Any CPU
		{9C5A005E-2DA5-43B5-ABC0-DACC31B4BC56}.Debug|Any CPU.Build.0 = Debug|Any CPU
		{9C5A005E-2DA5-43B5-ABC0-DACC31B4BC56}.Release|Any CPU.ActiveCfg = Release|Any CPU
		{9C5A005E-2DA5-43B5-ABC0-DACC31B4BC56}.Release|Any CPU.Build.0 = Release|Any CPU
		{5B028933-BAE4-42FC-B470-15F3226A24B0}.Debug|Any CPU.ActiveCfg = Debug|Any CPU
		{5B028933-BAE4-42FC-B470-15F3226A24B0}.Debug|Any CPU.Build.0 = Debug|Any CPU
		{5B028933-BAE4-42FC-B470-15F3226A24B0}.Release|Any CPU.ActiveCfg = Release|Any CPU
		{5B028933-BAE4-42FC-B470-15F3226A24B0}.Release|Any CPU.Build.0 = Release|Any CPU
	EndGlobalSection
EndGlobal
